// !$*UTF8*$!
{
	archiveVersion = 1;
	classes = {
	};
	objectVersion = 55;
	objects = {

/* Begin PBXBuildFile section */
		584C5F6228511CF700295867 /* TestSecondViewController.swift in Sources */ = {isa = PBXBuildFile; fileRef = 584C5F6128511CF700295867 /* TestSecondViewController.swift */; };
		587651332822E59200EA1779 /* AppDelegate.swift in Sources */ = {isa = PBXBuildFile; fileRef = 587651322822E59200EA1779 /* AppDelegate.swift */; };
		587651352822E59200EA1779 /* SceneDelegate.swift in Sources */ = {isa = PBXBuildFile; fileRef = 587651342822E59200EA1779 /* SceneDelegate.swift */; };
		587651372822E59200EA1779 /* ViewController.swift in Sources */ = {isa = PBXBuildFile; fileRef = 587651362822E59200EA1779 /* ViewController.swift */; };
		5876513A2822E59200EA1779 /* Main.storyboard in Resources */ = {isa = PBXBuildFile; fileRef = 587651382822E59200EA1779 /* Main.storyboard */; };
		5876513C2822E59300EA1779 /* Assets.xcassets in Resources */ = {isa = PBXBuildFile; fileRef = 5876513B2822E59300EA1779 /* Assets.xcassets */; };
		5876513F2822E59300EA1779 /* LaunchScreen.storyboard in Resources */ = {isa = PBXBuildFile; fileRef = 5876513D2822E59300EA1779 /* LaunchScreen.storyboard */; };
		588016FB2826BEA40037C37B /* UnplashPhotoPicker.swift in Sources */ = {isa = PBXBuildFile; fileRef = 588016FA2826BEA40037C37B /* UnplashPhotoPicker.swift */; };
		B83E11B426676DC514EB5A22 /* Pods_ImageGetAndSaveVladisRud.framework in Frameworks */ = {isa = PBXBuildFile; fileRef = 6258A76E1606839CF8C277F7 /* Pods_ImageGetAndSaveVladisRud.framework */; };
/* End PBXBuildFile section */

/* Begin PBXFileReference section */
		584C5F6128511CF700295867 /* TestSecondViewController.swift */ = {isa = PBXFileReference; lastKnownFileType = sourcecode.swift; path = TestSecondViewController.swift; sourceTree = "<group>"; };
		5876512F2822E59200EA1779 /* ImageGetAndSaveVladisRud.app */ = {isa = PBXFileReference; explicitFileType = wrapper.application; includeInIndex = 0; path = ImageGetAndSaveVladisRud.app; sourceTree = BUILT_PRODUCTS_DIR; };
		587651322822E59200EA1779 /* AppDelegate.swift */ = {isa = PBXFileReference; lastKnownFileType = sourcecode.swift; path = AppDelegate.swift; sourceTree = "<group>"; };
		587651342822E59200EA1779 /* SceneDelegate.swift */ = {isa = PBXFileReference; lastKnownFileType = sourcecode.swift; path = SceneDelegate.swift; sourceTree = "<group>"; };
		587651362822E59200EA1779 /* ViewController.swift */ = {isa = PBXFileReference; lastKnownFileType = sourcecode.swift; path = ViewController.swift; sourceTree = "<group>"; };
		587651392822E59200EA1779 /* Base */ = {isa = PBXFileReference; lastKnownFileType = file.storyboard; name = Base; path = Base.lproj/Main.storyboard; sourceTree = "<group>"; };
		5876513B2822E59300EA1779 /* Assets.xcassets */ = {isa = PBXFileReference; lastKnownFileType = folder.assetcatalog; path = Assets.xcassets; sourceTree = "<group>"; };
		5876513E2822E59300EA1779 /* Base */ = {isa = PBXFileReference; lastKnownFileType = file.storyboard; name = Base; path = Base.lproj/LaunchScreen.storyboard; sourceTree = "<group>"; };
		587651402822E59300EA1779 /* Info.plist */ = {isa = PBXFileReference; lastKnownFileType = text.plist.xml; path = Info.plist; sourceTree = "<group>"; };
		588016FA2826BEA40037C37B /* UnplashPhotoPicker.swift */ = {isa = PBXFileReference; lastKnownFileType = sourcecode.swift; path = UnplashPhotoPicker.swift; sourceTree = "<group>"; };
		6258A76E1606839CF8C277F7 /* Pods_ImageGetAndSaveVladisRud.framework */ = {isa = PBXFileReference; explicitFileType = wrapper.framework; includeInIndex = 0; path = Pods_ImageGetAndSaveVladisRud.framework; sourceTree = BUILT_PRODUCTS_DIR; };
		93D3A5CBA53C5FFC516D0C50 /* Pods-ImageGetAndSaveVladisRud.debug.xcconfig */ = {isa = PBXFileReference; includeInIndex = 1; lastKnownFileType = text.xcconfig; name = "Pods-ImageGetAndSaveVladisRud.debug.xcconfig"; path = "Target Support Files/Pods-ImageGetAndSaveVladisRud/Pods-ImageGetAndSaveVladisRud.debug.xcconfig"; sourceTree = "<group>"; };
		C99EA4A0FC7785FB666EC446 /* Pods-ImageGetAndSaveVladisRud.release.xcconfig */ = {isa = PBXFileReference; includeInIndex = 1; lastKnownFileType = text.xcconfig; name = "Pods-ImageGetAndSaveVladisRud.release.xcconfig"; path = "Target Support Files/Pods-ImageGetAndSaveVladisRud/Pods-ImageGetAndSaveVladisRud.release.xcconfig"; sourceTree = "<group>"; };
/* End PBXFileReference section */

/* Begin PBXFrameworksBuildPhase section */
		5876512C2822E59200EA1779 /* Frameworks */ = {
			isa = PBXFrameworksBuildPhase;
			buildActionMask = 2147483647;
			files = (
				B83E11B426676DC514EB5A22 /* Pods_ImageGetAndSaveVladisRud.framework in Frameworks */,
			);
			runOnlyForDeploymentPostprocessing = 0;
		};
/* End PBXFrameworksBuildPhase section */

/* Begin PBXGroup section */
		587651262822E59200EA1779 = {
			isa = PBXGroup;
			children = (
				587651312822E59200EA1779 /* ImageGetAndSaveVladisRud */,
				587651302822E59200EA1779 /* Products */,
				A05050F185E083F706BA16B3 /* Frameworks */,
				A851F4605A71F22BDD9E7F7B /* Pods */,
			);
			sourceTree = "<group>";
		};
		587651302822E59200EA1779 /* Products */ = {
			isa = PBXGroup;
			children = (
				5876512F2822E59200EA1779 /* ImageGetAndSaveVladisRud.app */,
			);
			name = Products;
			sourceTree = "<group>";
		};
		587651312822E59200EA1779 /* ImageGetAndSaveVladisRud */ = {
			isa = PBXGroup;
			children = (
				587651482822F2E100EA1779 /* Model */,
				587651492822F2EC00EA1779 /* View */,
				5876514A2822F2FC00EA1779 /* Controller */,
				587651322822E59200EA1779 /* AppDelegate.swift */,
				587651342822E59200EA1779 /* SceneDelegate.swift */,
				5876513B2822E59300EA1779 /* Assets.xcassets */,
				587651402822E59300EA1779 /* Info.plist */,
			);
			path = ImageGetAndSaveVladisRud;
			sourceTree = "<group>";
		};
		587651482822F2E100EA1779 /* Model */ = {
			isa = PBXGroup;
			children = (
				588016FA2826BEA40037C37B /* UnplashPhotoPicker.swift */,
			);
			path = Model;
			sourceTree = "<group>";
		};
		587651492822F2EC00EA1779 /* View */ = {
			isa = PBXGroup;
			children = (
				587651382822E59200EA1779 /* Main.storyboard */,
				5876513D2822E59300EA1779 /* LaunchScreen.storyboard */,
			);
			path = View;
			sourceTree = "<group>";
		};
		5876514A2822F2FC00EA1779 /* Controller */ = {
			isa = PBXGroup;
			children = (
				587651362822E59200EA1779 /* ViewController.swift */,
				584C5F6128511CF700295867 /* TestSecondViewController.swift */,
			);
			path = Controller;
			sourceTree = "<group>";
		};
		A05050F185E083F706BA16B3 /* Frameworks */ = {
			isa = PBXGroup;
			children = (
				6258A76E1606839CF8C277F7 /* Pods_ImageGetAndSaveVladisRud.framework */,
			);
			name = Frameworks;
			sourceTree = "<group>";
		};
		A851F4605A71F22BDD9E7F7B /* Pods */ = {
			isa = PBXGroup;
			children = (
				93D3A5CBA53C5FFC516D0C50 /* Pods-ImageGetAndSaveVladisRud.debug.xcconfig */,
				C99EA4A0FC7785FB666EC446 /* Pods-ImageGetAndSaveVladisRud.release.xcconfig */,
			);
			path = Pods;
			sourceTree = "<group>";
		};
/* End PBXGroup section */

/* Begin PBXNativeTarget section */
		5876512E2822E59200EA1779 /* ImageGetAndSaveVladisRud */ = {
			isa = PBXNativeTarget;
			buildConfigurationList = 587651432822E59300EA1779 /* Build configuration list for PBXNativeTarget "ImageGetAndSaveVladisRud" */;
			buildPhases = (
				C5EA697667DC9904AC07BED4 /* [CP] Check Pods Manifest.lock */,
				5876512B2822E59200EA1779 /* Sources */,
				5876512C2822E59200EA1779 /* Frameworks */,
				5876512D2822E59200EA1779 /* Resources */,
			);
			buildRules = (
			);
			dependencies = (
			);
			name = ImageGetAndSaveVladisRud;
			productName = ImageGetAndSaveVladisRud;
			productReference = 5876512F2822E59200EA1779 /* ImageGetAndSaveVladisRud.app */;
			productType = "com.apple.product-type.application";
		};
/* End PBXNativeTarget section */

/* Begin PBXProject section */
		587651272822E59200EA1779 /* Project object */ = {
			isa = PBXProject;
			attributes = {
				BuildIndependentTargetsInParallel = 1;
				LastSwiftUpdateCheck = 1330;
				LastUpgradeCheck = 1330;
				TargetAttributes = {
					5876512E2822E59200EA1779 = {
						CreatedOnToolsVersion = 13.3.1;
					};
				};
			};
			buildConfigurationList = 5876512A2822E59200EA1779 /* Build configuration list for PBXProject "ImageGetAndSaveVladisRud" */;
			compatibilityVersion = "Xcode 13.0";
			developmentRegion = en;
			hasScannedForEncodings = 0;
			knownRegions = (
				en,
				Base,
			);
			mainGroup = 587651262822E59200EA1779;
			productRefGroup = 587651302822E59200EA1779 /* Products */;
			projectDirPath = "";
			projectRoot = "";
			targets = (
				5876512E2822E59200EA1779 /* ImageGetAndSaveVladisRud */,
			);
		};
/* End PBXProject section */

/* Begin PBXResourcesBuildPhase section */
		5876512D2822E59200EA1779 /* Resources */ = {
			isa = PBXResourcesBuildPhase;
			buildActionMask = 2147483647;
			files = (
				5876513F2822E59300EA1779 /* LaunchScreen.storyboard in Resources */,
				5876513C2822E59300EA1779 /* Assets.xcassets in Resources */,
				5876513A2822E59200EA1779 /* Main.storyboard in Resources */,
			);
			runOnlyForDeploymentPostprocessing = 0;
		};
/* End PBXResourcesBuildPhase section */

/* Begin PBXShellScriptBuildPhase section */
		C5EA697667DC9904AC07BED4 /* [CP] Check Pods Manifest.lock */ = {
			isa = PBXShellScriptBuildPhase;
			buildActionMask = 2147483647;
			files = (
			);
			inputFileListPaths = (
			);
			inputPaths = (
				"${PODS_PODFILE_DIR_PATH}/Podfile.lock",
				"${PODS_ROOT}/Manifest.lock",
			);
			name = "[CP] Check Pods Manifest.lock";
			outputFileListPaths = (
			);
			outputPaths = (
				"$(DERIVED_FILE_DIR)/Pods-ImageGetAndSaveVladisRud-checkManifestLockResult.txt",
			);
			runOnlyForDeploymentPostprocessing = 0;
			shellPath = /bin/sh;
			shellScript = "diff \"${PODS_PODFILE_DIR_PATH}/Podfile.lock\" \"${PODS_ROOT}/Manifest.lock\" > /dev/null\nif [ $? != 0 ] ; then\n    # print error to STDERR\n    echo \"error: The sandbox is not in sync with the Podfile.lock. Run 'pod install' or update your CocoaPods installation.\" >&2\n    exit 1\nfi\n# This output is used by Xcode 'outputs' to avoid re-running this script phase.\necho \"SUCCESS\" > \"${SCRIPT_OUTPUT_FILE_0}\"\n";
			showEnvVarsInLog = 0;
		};
/* End PBXShellScriptBuildPhase section */

/* Begin PBXSourcesBuildPhase section */
		5876512B2822E59200EA1779 /* Sources */ = {
			isa = PBXSourcesBuildPhase;
			buildActionMask = 2147483647;
			files = (
				587651372822E59200EA1779 /* ViewController.swift in Sources */,
				584C5F6228511CF700295867 /* TestSecondViewController.swift in Sources */,
				587651332822E59200EA1779 /* AppDelegate.swift in Sources */,
				588016FB2826BEA40037C37B /* UnplashPhotoPicker.swift in Sources */,
				587651352822E59200EA1779 /* SceneDelegate.swift in Sources */,
			);
			runOnlyForDeploymentPostprocessing = 0;
		};
/* End PBXSourcesBuildPhase section */

/* Begin PBXVariantGroup section */
		587651382822E59200EA1779 /* Main.storyboard */ = {
			isa = PBXVariantGroup;
			children = (
				587651392822E59200EA1779 /* Base */,
			);
			name = Main.storyboard;
			sourceTree = "<group>";
		};
		5876513D2822E59300EA1779 /* LaunchScreen.storyboard */ = {
			isa = PBXVariantGroup;
			children = (
				5876513E2822E59300EA1779 /* Base */,
			);
			name = LaunchScreen.storyboard;
			sourceTree = "<group>";
		};
/* End PBXVariantGroup section */

/* Begin XCBuildConfiguration section */
		587651412822E59300EA1779 /* Debug */ = {
			isa = XCBuildConfiguration;
			buildSettings = {
				ALWAYS_SEARCH_USER_PATHS = NO;
				CLANG_ANALYZER_NONNULL = YES;
				CLANG_ANALYZER_NUMBER_OBJECT_CONVERSION = YES_AGGRESSIVE;
				CLANG_CXX_LANGUAGE_STANDARD = "gnu++17";
				CLANG_ENABLE_MODULES = YES;
				CLANG_ENABLE_OBJC_ARC = YES;
				CLANG_ENABLE_OBJC_WEAK = YES;
				CLANG_WARN_BLOCK_CAPTURE_AUTORELEASING = YES;
				CLANG_WARN_BOOL_CONVERSION = YES;
				CLANG_WARN_COMMA = YES;
				CLANG_WARN_CONSTANT_CONVERSION = YES;
				CLANG_WARN_DEPRECATED_OBJC_IMPLEMENTATIONS = YES;
				CLANG_WARN_DIRECT_OBJC_ISA_USAGE = YES_ERROR;
				CLANG_WARN_DOCUMENTATION_COMMENTS = YES;
				CLANG_WARN_EMPTY_BODY = YES;
				CLANG_WARN_ENUM_CONVERSION = YES;
				CLANG_WARN_INFINITE_RECURSION = YES;
				CLANG_WARN_INT_CONVERSION = YES;
				CLANG_WARN_NON_LITERAL_NULL_CONVERSION = YES;
				CLANG_WARN_OBJC_IMPLICIT_RETAIN_SELF = YES;
				CLANG_WARN_OBJC_LITERAL_CONVERSION = YES;
				CLANG_WARN_OBJC_ROOT_CLASS = YES_ERROR;
				CLANG_WARN_QUOTED_INCLUDE_IN_FRAMEWORK_HEADER = YES;
				CLANG_WARN_RANGE_LOOP_ANALYSIS = YES;
				CLANG_WARN_STRICT_PROTOTYPES = YES;
				CLANG_WARN_SUSPICIOUS_MOVE = YES;
				CLANG_WARN_UNGUARDED_AVAILABILITY = YES_AGGRESSIVE;
				CLANG_WARN_UNREACHABLE_CODE = YES;
				CLANG_WARN__DUPLICATE_METHOD_MATCH = YES;
				COPY_PHASE_STRIP = NO;
				DEBUG_INFORMATION_FORMAT = dwarf;
				ENABLE_STRICT_OBJC_MSGSEND = YES;
				ENABLE_TESTABILITY = YES;
				GCC_C_LANGUAGE_STANDARD = gnu11;
				GCC_DYNAMIC_NO_PIC = NO;
				GCC_NO_COMMON_BLOCKS = YES;
				GCC_OPTIMIZATION_LEVEL = 0;
				GCC_PREPROCESSOR_DEFINITIONS = (
					"DEBUG=1",
					"$(inherited)",
				);
				GCC_WARN_64_TO_32_BIT_CONVERSION = YES;
				GCC_WARN_ABOUT_RETURN_TYPE = YES_ERROR;
				GCC_WARN_UNDECLARED_SELECTOR = YES;
				GCC_WARN_UNINITIALIZED_AUTOS = YES_AGGRESSIVE;
				GCC_WARN_UNUSED_FUNCTION = YES;
				GCC_WARN_UNUSED_VARIABLE = YES;
				IPHONEOS_DEPLOYMENT_TARGET = 15.4;
				MTL_ENABLE_DEBUG_INFO = INCLUDE_SOURCE;
				MTL_FAST_MATH = YES;
				ONLY_ACTIVE_ARCH = YES;
				SDKROOT = iphoneos;
				SWIFT_ACTIVE_COMPILATION_CONDITIONS = DEBUG;
				SWIFT_OPTIMIZATION_LEVEL = "-Onone";
			};
			name = Debug;
		};
		587651422822E59300EA1779 /* Release */ = {
			isa = XCBuildConfiguration;
			buildSettings = {
				ALWAYS_SEARCH_USER_PATHS = NO;
				CLANG_ANALYZER_NONNULL = YES;
				CLANG_ANALYZER_NUMBER_OBJECT_CONVERSION = YES_AGGRESSIVE;
				CLANG_CXX_LANGUAGE_STANDARD = "gnu++17";
				CLANG_ENABLE_MODULES = YES;
				CLANG_ENABLE_OBJC_ARC = YES;
				CLANG_ENABLE_OBJC_WEAK = YES;
				CLANG_WARN_BLOCK_CAPTURE_AUTORELEASING = YES;
				CLANG_WARN_BOOL_CONVERSION = YES;
				CLANG_WARN_COMMA = YES;
				CLANG_WARN_CONSTANT_CONVERSION = YES;
				CLANG_WARN_DEPRECATED_OBJC_IMPLEMENTATIONS = YES;
				CLANG_WARN_DIRECT_OBJC_ISA_USAGE = YES_ERROR;
				CLANG_WARN_DOCUMENTATION_COMMENTS = YES;
				CLANG_WARN_EMPTY_BODY = YES;
				CLANG_WARN_ENUM_CONVERSION = YES;
				CLANG_WARN_INFINITE_RECURSION = YES;
				CLANG_WARN_INT_CONVERSION = YES;
				CLANG_WARN_NON_LITERAL_NULL_CONVERSION = YES;
				CLANG_WARN_OBJC_IMPLICIT_RETAIN_SELF = YES;
				CLANG_WARN_OBJC_LITERAL_CONVERSION = YES;
				CLANG_WARN_OBJC_ROOT_CLASS = YES_ERROR;
				CLANG_WARN_QUOTED_INCLUDE_IN_FRAMEWORK_HEADER = YES;
				CLANG_WARN_RANGE_LOOP_ANALYSIS = YES;
				CLANG_WARN_STRICT_PROTOTYPES = YES;
				CLANG_WARN_SUSPICIOUS_MOVE = YES;
				CLANG_WARN_UNGUARDED_AVAILABILITY = YES_AGGRESSIVE;
				CLANG_WARN_UNREACHABLE_CODE = YES;
				CLANG_WARN__DUPLICATE_METHOD_MATCH = YES;
				COPY_PHASE_STRIP = NO;
				DEBUG_INFORMATION_FORMAT = "dwarf-with-dsym";
				ENABLE_NS_ASSERTIONS = NO;
				ENABLE_STRICT_OBJC_MSGSEND = YES;
				GCC_C_LANGUAGE_STANDARD = gnu11;
				GCC_NO_COMMON_BLOCKS = YES;
				GCC_WARN_64_TO_32_BIT_CONVERSION = YES;
				GCC_WARN_ABOUT_RETURN_TYPE = YES_ERROR;
				GCC_WARN_UNDECLARED_SELECTOR = YES;
				GCC_WARN_UNINITIALIZED_AUTOS = YES_AGGRESSIVE;
				GCC_WARN_UNUSED_FUNCTION = YES;
				GCC_WARN_UNUSED_VARIABLE = YES;
				IPHONEOS_DEPLOYMENT_TARGET = 15.4;
				MTL_ENABLE_DEBUG_INFO = NO;
				MTL_FAST_MATH = YES;
				SDKROOT = iphoneos;
				SWIFT_COMPILATION_MODE = wholemodule;
				SWIFT_OPTIMIZATION_LEVEL = "-O";
				VALIDATE_PRODUCT = YES;
			};
			name = Release;
		};
		587651442822E59300EA1779 /* Debug */ = {
			isa = XCBuildConfiguration;
			baseConfigurationReference = 93D3A5CBA53C5FFC516D0C50 /* Pods-ImageGetAndSaveVladisRud.debug.xcconfig */;
			buildSettings = {
				ASSETCATALOG_COMPILER_APPICON_NAME = AppIcon;
				ASSETCATALOG_COMPILER_GLOBAL_ACCENT_COLOR_NAME = AccentColor;
				CODE_SIGN_STYLE = Automatic;
				CURRENT_PROJECT_VERSION = 1;
				DEVELOPMENT_TEAM = 2P5N39CTA7;
				GENERATE_INFOPLIST_FILE = YES;
				INFOPLIST_FILE = ImageGetAndSaveVladisRud/Info.plist;
				INFOPLIST_KEY_UIApplicationSupportsIndirectInputEvents = YES;
				INFOPLIST_KEY_UILaunchStoryboardName = LaunchScreen;
				INFOPLIST_KEY_UIMainStoryboardFile = Main;
				INFOPLIST_KEY_UISupportedInterfaceOrientations_iPad = "UIInterfaceOrientationPortrait UIInterfaceOrientationPortraitUpsideDown UIInterfaceOrientationLandscapeLeft UIInterfaceOrientationLandscapeRight";
				INFOPLIST_KEY_UISupportedInterfaceOrientations_iPhone = "UIInterfaceOrientationPortrait UIInterfaceOrientationLandscapeLeft UIInterfaceOrientationLandscapeRight";
				LD_RUNPATH_SEARCH_PATHS = (
					"$(inherited)",
					"@executable_path/Frameworks",
				);
				MARKETING_VERSION = 1.0;
				PRODUCT_BUNDLE_IDENTIFIER = com.VladisRud.ImageGetAndSaveVladisRud;
				PRODUCT_NAME = "$(TARGET_NAME)";
				SWIFT_EMIT_LOC_STRINGS = YES;
				SWIFT_VERSION = 5.0;
				TARGETED_DEVICE_FAMILY = "1,2";
			};
			name = Debug;
		};
		587651452822E59300EA1779 /* Release */ = {
			isa = XCBuildConfiguration;
			baseConfigurationReference = C99EA4A0FC7785FB666EC446 /* Pods-ImageGetAndSaveVladisRud.release.xcconfig */;
			buildSettings = {
				ASSETCATALOG_COMPILER_APPICON_NAME = AppIcon;
				ASSETCATALOG_COMPILER_GLOBAL_ACCENT_COLOR_NAME = AccentColor;
				CODE_SIGN_STYLE = Automatic;
				CURRENT_PROJECT_VERSION = 1;
				DEVELOPMENT_TEAM = 2P5N39CTA7;
				GENERATE_INFOPLIST_FILE = YES;
				INFOPLIST_FILE = ImageGetAndSaveVladisRud/Info.plist;
				INFOPLIST_KEY_UIApplicationSupportsIndirectInputEvents = YES;
				INFOPLIST_KEY_UILaunchStoryboardName = LaunchScreen;
				INFOPLIST_KEY_UIMainStoryboardFile = Main;
				INFOPLIST_KEY_UISupportedInterfaceOrientations_iPad = "UIInterfaceOrientationPortrait UIInterfaceOrientationPortraitUpsideDown UIInterfaceOrientationLandscapeLeft UIInterfaceOrientationLandscapeRight";
				INFOPLIST_KEY_UISupportedInterfaceOrientations_iPhone = "UIInterfaceOrientationPortrait UIInterfaceOrientationLandscapeLeft UIInterfaceOrientationLandscapeRight";
				LD_RUNPATH_SEARCH_PATHS = (
					"$(inherited)",
					"@executable_path/Frameworks",
				);
				MARKETING_VERSION = 1.0;
				PRODUCT_BUNDLE_IDENTIFIER = com.VladisRud.ImageGetAndSaveVladisRud;
				PRODUCT_NAME = "$(TARGET_NAME)";
				SWIFT_EMIT_LOC_STRINGS = YES;
				SWIFT_VERSION = 5.0;
				TARGETED_DEVICE_FAMILY = "1,2";
			};
			name = Release;
		};
/* End XCBuildConfiguration section */

/* Begin XCConfigurationList section */
		5876512A2822E59200EA1779 /* Build configuration list for PBXProject "ImageGetAndSaveVladisRud" */ = {
			isa = XCConfigurationList;
			buildConfigurations = (
				587651412822E59300EA1779 /* Debug */,
				587651422822E59300EA1779 /* Release */,
			);
			defaultConfigurationIsVisible = 0;
			defaultConfigurationName = Release;
		};
		587651432822E59300EA1779 /* Build configuration list for PBXNativeTarget "ImageGetAndSaveVladisRud" */ = {
			isa = XCConfigurationList;
			buildConfigurations = (
				587651442822E59300EA1779 /* Debug */,
				587651452822E59300EA1779 /* Release */,
			);
			defaultConfigurationIsVisible = 0;
			defaultConfigurationName = Release;
		};
/* End XCConfigurationList section */
	};
	rootObject = 587651272822E59200EA1779 /* Project object */;
}
